
Microsoft Visual Studio Solution File, Format Version 12.00
# Visual Studio Version 16
VisualStudioVersion = 16.0.32106.194
MinimumVisualStudioVersion = 10.0.40219.1
Project("{FAE04EC0-301F-11D3-BF4B-00C04F79EFBC}") = "AuthorizeNetPgw", "AuthorizeNetPgw\AuthorizeNetPgw.csproj", "{5CAD0519-B9BB-41F9-B9DE-1F458090FFB9}"
EndProject
Global
	GlobalSection(SolutionConfigurationPlatforms) = preSolution
		Debug|Any CPU = Debug|Any CPU
		Release|Any CPU = Release|Any CPU
	EndGlobalSection
	GlobalSection(ProjectConfigurationPlatforms) = postSolution
		{5CAD0519-B9BB-41F9-B9DE-1F458090FFB9}.Debug|Any CPU.ActiveCfg = Debug|Any CPU
		{5CAD0519-B9BB-41F9-B9DE-1F458090FFB9}.Debug|Any CPU.Build.0 = Debug|Any CPU
		{5CAD0519-B9BB-41F9-B9DE-1F458090FFB9}.Release|Any CPU.ActiveCfg = Release|Any CPU
		{5CAD0519-B9BB-41F9-B9DE-1F458090FFB9}.Release|Any CPU.Build.0 = Release|Any CPU
	EndGlobalSection
	GlobalSection(SolutionProperties) = preSolution
		HideSolutionNode = FALSE
	EndGlobalSection
	GlobalSection(ExtensibilityGlobals) = postSolution
		SolutionGuid = {A0C899D9-4F47-409C-869C-314D6DF6399A}
	EndGlobalSection
EndGlobal
